
Microsoft Visual Studio Solution File, Format Version 12.00
# Visual Studio 15
VisualStudioVersion = 15.0.28010.2050
MinimumVisualStudioVersion = 10.0.40219.1
Project("{FAE04EC0-301F-11D3-BF4B-00C04F79EFBC}") = "WebAssignment", "WebAssignment\WebAssignment.csproj", "{F19C9C0E-B107-4BA3-9E85-731F3F9CE12E}"
EndProject
Global
	GlobalSection(SolutionConfigurationPlatforms) = preSolution
		Debug|Any CPU = Debug|Any CPU
		Release|Any CPU = Release|Any CPU
	EndGlobalSection
	GlobalSection(ProjectConfigurationPlatforms) = postSolution
		{F19C9C0E-B107-4BA3-9E85-731F3F9CE12E}.Debug|Any CPU.ActiveCfg = Debug|Any CPU
		{F19C9C0E-B107-4BA3-9E85-731F3F9CE12E}.Debug|Any CPU.Build.0 = Debug|Any CPU
		{F19C9C0E-B107-4BA3-9E85-731F3F9CE12E}.Release|Any CPU.ActiveCfg = Release|Any CPU
		{F19C9C0E-B107-4BA3-9E85-731F3F9CE12E}.Release|Any CPU.Build.0 = Release|Any CPU
	EndGlobalSection
	GlobalSection(SolutionProperties) = preSolution
		HideSolutionNode = FALSE
	EndGlobalSection
	GlobalSection(ExtensibilityGlobals) = postSolution
		SolutionGuid = {B187AFD1-54AB-4350-9DB5-FCF820594BF4}
	EndGlobalSection
EndGlobal
